// !$*UTF8*$!
{
	archiveVersion = 1;
	classes = {
	};
	objectVersion = 50;
	objects = {

/* Begin PBXBuildFile section */
		04FC4F9F254F450A00F69838 /* AppDelegate.swift in Sources */ = {isa = PBXBuildFile; fileRef = 04FC4F9E254F450A00F69838 /* AppDelegate.swift */; };
		04FC4FA1254F450A00F69838 /* SceneDelegate.swift in Sources */ = {isa = PBXBuildFile; fileRef = 04FC4FA0254F450A00F69838 /* SceneDelegate.swift */; };
		04FC4FA3254F450A00F69838 /* CalculateViewController.swift in Sources */ = {isa = PBXBuildFile; fileRef = 04FC4FA2254F450A00F69838 /* CalculateViewController.swift */; };
		04FC4FA6254F450A00F69838 /* Main.storyboard in Resources */ = {isa = PBXBuildFile; fileRef = 04FC4FA4254F450A00F69838 /* Main.storyboard */; };
		04FC4FA8254F450C00F69838 /* Assets.xcassets in Resources */ = {isa = PBXBuildFile; fileRef = 04FC4FA7254F450C00F69838 /* Assets.xcassets */; };
		04FC4FAB254F450C00F69838 /* LaunchScreen.storyboard in Resources */ = {isa = PBXBuildFile; fileRef = 04FC4FA9254F450C00F69838 /* LaunchScreen.storyboard */; };
		04FC4FB9254F46F700F69838 /* ResultViewController.swift in Sources */ = {isa = PBXBuildFile; fileRef = 04FC4FB8254F46F700F69838 /* ResultViewController.swift */; };
		04FC4FBC254F487100F69838 /* CalculateBMI.swift in Sources */ = {isa = PBXBuildFile; fileRef = 04FC4FBB254F487100F69838 /* CalculateBMI.swift */; };
		04FC4FBF254F489100F69838 /* BMI.swift in Sources */ = {isa = PBXBuildFile; fileRef = 04FC4FBE254F489100F69838 /* BMI.swift */; };
/* End PBXBuildFile section */

/* Begin PBXFileReference section */
		04FC4F9B254F450A00F69838 /* BMICalculator.app */ = {isa = PBXFileReference; explicitFileType = wrapper.application; includeInIndex = 0; path = BMICalculator.app; sourceTree = BUILT_PRODUCTS_DIR; };
		04FC4F9E254F450A00F69838 /* AppDelegate.swift */ = {isa = PBXFileReference; lastKnownFileType = sourcecode.swift; path = AppDelegate.swift; sourceTree = "<group>"; };
		04FC4FA0254F450A00F69838 /* SceneDelegate.swift */ = {isa = PBXFileReference; lastKnownFileType = sourcecode.swift; path = SceneDelegate.swift; sourceTree = "<group>"; };
		04FC4FA2254F450A00F69838 /* CalculateViewController.swift */ = {isa = PBXFileReference; lastKnownFileType = sourcecode.swift; path = CalculateViewController.swift; sourceTree = "<group>"; };
		04FC4FA5254F450A00F69838 /* Base */ = {isa = PBXFileReference; lastKnownFileType = file.storyboard; name = Base; path = Base.lproj/Main.storyboard; sourceTree = "<group>"; };
		04FC4FA7254F450C00F69838 /* Assets.xcassets */ = {isa = PBXFileReference; lastKnownFileType = folder.assetcatalog; path = Assets.xcassets; sourceTree = "<group>"; };
		04FC4FAA254F450C00F69838 /* Base */ = {isa = PBXFileReference; lastKnownFileType = file.storyboard; name = Base; path = Base.lproj/LaunchScreen.storyboard; sourceTree = "<group>"; };
		04FC4FAC254F450C00F69838 /* Info.plist */ = {isa = PBXFileReference; lastKnownFileType = text.plist.xml; path = Info.plist; sourceTree = "<group>"; };
		04FC4FB8254F46F700F69838 /* ResultViewController.swift */ = {isa = PBXFileReference; lastKnownFileType = sourcecode.swift; path = ResultViewController.swift; sourceTree = "<group>"; };
		04FC4FBB254F487100F69838 /* CalculateBMI.swift */ = {isa = PBXFileReference; lastKnownFileType = sourcecode.swift; path = CalculateBMI.swift; sourceTree = "<group>"; };
		04FC4FBE254F489100F69838 /* BMI.swift */ = {isa = PBXFileReference; lastKnownFileType = sourcecode.swift; path = BMI.swift; sourceTree = "<group>"; };
/* End PBXFileReference section */

/* Begin PBXFrameworksBuildPhase section */
		04FC4F98254F450A00F69838 /* Frameworks */ = {
			isa = PBXFrameworksBuildPhase;
			buildActionMask = 2147483647;
			files = (
			);
			runOnlyForDeploymentPostprocessing = 0;
		};
/* End PBXFrameworksBuildPhase section */

/* Begin PBXGroup section */
		04FC4F92254F450A00F69838 = {
			isa = PBXGroup;
			children = (
				04FC4F9D254F450A00F69838 /* BMICalculator */,
				04FC4F9C254F450A00F69838 /* Products */,
			);
			sourceTree = "<group>";
		};
		04FC4F9C254F450A00F69838 /* Products */ = {
			isa = PBXGroup;
			children = (
				04FC4F9B254F450A00F69838 /* BMICalculator.app */,
			);
			name = Products;
			sourceTree = "<group>";
		};
		04FC4F9D254F450A00F69838 /* BMICalculator */ = {
			isa = PBXGroup;
			children = (
				04FC4F9E254F450A00F69838 /* AppDelegate.swift */,
				04FC4FA0254F450A00F69838 /* SceneDelegate.swift */,
				04FC4FB6254F456300F69838 /* Models */,
				04FC4FB4254F453000F69838 /* Controllers */,
				04FC4FB3254F452700F69838 /* Views */,
				04FC4FA7254F450C00F69838 /* Assets.xcassets */,
				04FC4FA9254F450C00F69838 /* LaunchScreen.storyboard */,
				04FC4FAC254F450C00F69838 /* Info.plist */,
			);
			path = BMICalculator;
			sourceTree = "<group>";
		};
		04FC4FB3254F452700F69838 /* Views */ = {
			isa = PBXGroup;
			children = (
				04FC4FA4254F450A00F69838 /* Main.storyboard */,
			);
			path = Views;
			sourceTree = "<group>";
		};
		04FC4FB4254F453000F69838 /* Controllers */ = {
			isa = PBXGroup;
			children = (
				04FC4FA2254F450A00F69838 /* CalculateViewController.swift */,
				04FC4FB8254F46F700F69838 /* ResultViewController.swift */,
			);
			path = Controllers;
			sourceTree = "<group>";
		};
		04FC4FB6254F456300F69838 /* Models */ = {
			isa = PBXGroup;
			children = (
				04FC4FBB254F487100F69838 /* CalculateBMI.swift */,
				04FC4FBE254F489100F69838 /* BMI.swift */,
			);
			path = Models;
			sourceTree = "<group>";
		};
/* End PBXGroup section */

/* Begin PBXNativeTarget section */
		04FC4F9A254F450A00F69838 /* BMICalculator */ = {
			isa = PBXNativeTarget;
			buildConfigurationList = 04FC4FAF254F450C00F69838 /* Build configuration list for PBXNativeTarget "BMICalculator" */;
			buildPhases = (
				04FC4F97254F450A00F69838 /* Sources */,
				04FC4F98254F450A00F69838 /* Frameworks */,
				04FC4F99254F450A00F69838 /* Resources */,
			);
			buildRules = (
			);
			dependencies = (
			);
			name = BMICalculator;
			productName = BMICalculator;
			productReference = 04FC4F9B254F450A00F69838 /* BMICalculator.app */;
			productType = "com.apple.product-type.application";
		};
/* End PBXNativeTarget section */

/* Begin PBXProject section */
		04FC4F93254F450A00F69838 /* Project object */ = {
			isa = PBXProject;
			attributes = {
				LastSwiftUpdateCheck = 1210;
				LastUpgradeCheck = 1210;
				TargetAttributes = {
					04FC4F9A254F450A00F69838 = {
						CreatedOnToolsVersion = 12.1;
					};
				};
			};
			buildConfigurationList = 04FC4F96254F450A00F69838 /* Build configuration list for PBXProject "BMICalculator" */;
			compatibilityVersion = "Xcode 9.3";
			developmentRegion = en;
			hasScannedForEncodings = 0;
			knownRegions = (
				en,
				Base,
			);
			mainGroup = 04FC4F92254F450A00F69838;
			productRefGroup = 04FC4F9C254F450A00F69838 /* Products */;
			projectDirPath = "";
			projectRoot = "";
			targets = (
				04FC4F9A254F450A00F69838 /* BMICalculator */,
			);
		};
/* End PBXProject section */

/* Begin PBXResourcesBuildPhase section */
		04FC4F99254F450A00F69838 /* Resources */ = {
			isa = PBXResourcesBuildPhase;
			buildActionMask = 2147483647;
			files = (
				04FC4FAB254F450C00F69838 /* LaunchScreen.storyboard in Resources */,
				04FC4FA8254F450C00F69838 /* Assets.xcassets in Resources */,
				04FC4FA6254F450A00F69838 /* Main.storyboard in Resources */,
			);
			runOnlyForDeploymentPostprocessing = 0;
		};
/* End PBXResourcesBuildPhase section */

/* Begin PBXSourcesBuildPhase section */
		04FC4F97254F450A00F69838 /* Sources */ = {
			isa = PBXSourcesBuildPhase;
			buildActionMask = 2147483647;
			files = (
				04FC4FA3254F450A00F69838 /* CalculateViewController.swift in Sources */,
				04FC4F9F254F450A00F69838 /* AppDelegate.swift in Sources */,
				04FC4FA1254F450A00F69838 /* SceneDelegate.swift in Sources */,
				04FC4FBC254F487100F69838 /* CalculateBMI.swift in Sources */,
				04FC4FBF254F489100F69838 /* BMI.swift in Sources */,
				04FC4FB9254F46F700F69838 /* ResultViewController.swift in Sources */,
			);
			runOnlyForDeploymentPostprocessing = 0;
		};
/* End PBXSourcesBuildPhase section */

/* Begin PBXVariantGroup section */
		04FC4FA4254F450A00F69838 /* Main.storyboard */ = {
			isa = PBXVariantGroup;
			children = (
				04FC4FA5254F450A00F69838 /* Base */,
			);
			name = Main.storyboard;
			sourceTree = "<group>";
		};
		04FC4FA9254F450C00F69838 /* LaunchScreen.storyboard */ = {
			isa = PBXVariantGroup;
			children = (
				04FC4FAA254F450C00F69838 /* Base */,
			);
			name = LaunchScreen.storyboard;
			sourceTree = "<group>";
		};
/* End PBXVariantGroup section */

/* Begin XCBuildConfiguration section */
		04FC4FAD254F450C00F69838 /* Debug */ = {
			isa = XCBuildConfiguration;
			buildSettings = {
				ALWAYS_SEARCH_USER_PATHS = NO;
				CLANG_ANALYZER_NONNULL = YES;
				CLANG_ANALYZER_NUMBER_OBJECT_CONVERSION = YES_AGGRESSIVE;
				CLANG_CXX_LANGUAGE_STANDARD = "gnu++14";
				CLANG_CXX_LIBRARY = "libc++";
				CLANG_ENABLE_MODULES = YES;
				CLANG_ENABLE_OBJC_ARC = YES;
				CLANG_ENABLE_OBJC_WEAK = YES;
				CLANG_WARN_BLOCK_CAPTURE_AUTORELEASING = YES;
				CLANG_WARN_BOOL_CONVERSION = YES;
				CLANG_WARN_COMMA = YES;
				CLANG_WARN_CONSTANT_CONVERSION = YES;
				CLANG_WARN_DEPRECATED_OBJC_IMPLEMENTATIONS = YES;
				CLANG_WARN_DIRECT_OBJC_ISA_USAGE = YES_ERROR;
				CLANG_WARN_DOCUMENTATION_COMMENTS = YES;
				CLANG_WARN_EMPTY_BODY = YES;
				CLANG_WARN_ENUM_CONVERSION = YES;
				CLANG_WARN_INFINITE_RECURSION = YES;
				CLANG_WARN_INT_CONVERSION = YES;
				CLANG_WARN_NON_LITERAL_NULL_CONVERSION = YES;
				CLANG_WARN_OBJC_IMPLICIT_RETAIN_SELF = YES;
				CLANG_WARN_OBJC_LITERAL_CONVERSION = YES;
				CLANG_WARN_OBJC_ROOT_CLASS = YES_ERROR;
				CLANG_WARN_QUOTED_INCLUDE_IN_FRAMEWORK_HEADER = YES;
				CLANG_WARN_RANGE_LOOP_ANALYSIS = YES;
				CLANG_WARN_STRICT_PROTOTYPES = YES;
				CLANG_WARN_SUSPICIOUS_MOVE = YES;
				CLANG_WARN_UNGUARDED_AVAILABILITY = YES_AGGRESSIVE;
				CLANG_WARN_UNREACHABLE_CODE = YES;
				CLANG_WARN__DUPLICATE_METHOD_MATCH = YES;
				COPY_PHASE_STRIP = NO;
				DEBUG_INFORMATION_FORMAT = dwarf;
				ENABLE_STRICT_OBJC_MSGSEND = YES;
				ENABLE_TESTABILITY = YES;
				GCC_C_LANGUAGE_STANDARD = gnu11;
				GCC_DYNAMIC_NO_PIC = NO;
				GCC_NO_COMMON_BLOCKS = YES;
				GCC_OPTIMIZATION_LEVEL = 0;
				GCC_PREPROCESSOR_DEFINITIONS = (
					"DEBUG=1",
					"$(inherited)",
				);
				GCC_WARN_64_TO_32_BIT_CONVERSION = YES;
				GCC_WARN_ABOUT_RETURN_TYPE = YES_ERROR;
				GCC_WARN_UNDECLARED_SELECTOR = YES;
				GCC_WARN_UNINITIALIZED_AUTOS = YES_AGGRESSIVE;
				GCC_WARN_UNUSED_FUNCTION = YES;
				GCC_WARN_UNUSED_VARIABLE = YES;
				IPHONEOS_DEPLOYMENT_TARGET = 14.1;
				MTL_ENABLE_DEBUG_INFO = INCLUDE_SOURCE;
				MTL_FAST_MATH = YES;
				ONLY_ACTIVE_ARCH = YES;
				SDKROOT = iphoneos;
				SWIFT_ACTIVE_COMPILATION_CONDITIONS = DEBUG;
				SWIFT_OPTIMIZATION_LEVEL = "-Onone";
			};
			name = Debug;
		};
		04FC4FAE254F450C00F69838 /* Release */ = {
			isa = XCBuildConfiguration;
			buildSettings = {
				ALWAYS_SEARCH_USER_PATHS = NO;
				CLANG_ANALYZER_NONNULL = YES;
				CLANG_ANALYZER_NUMBER_OBJECT_CONVERSION = YES_AGGRESSIVE;
				CLANG_CXX_LANGUAGE_STANDARD = "gnu++14";
				CLANG_CXX_LIBRARY = "libc++";
				CLANG_ENABLE_MODULES = YES;
				CLANG_ENABLE_OBJC_ARC = YES;
				CLANG_ENABLE_OBJC_WEAK = YES;
				CLANG_WARN_BLOCK_CAPTURE_AUTORELEASING = YES;
				CLANG_WARN_BOOL_CONVERSION = YES;
				CLANG_WARN_COMMA = YES;
				CLANG_WARN_CONSTANT_CONVERSION = YES;
				CLANG_WARN_DEPRECATED_OBJC_IMPLEMENTATIONS = YES;
				CLANG_WARN_DIRECT_OBJC_ISA_USAGE = YES_ERROR;
				CLANG_WARN_DOCUMENTATION_COMMENTS = YES;
				CLANG_WARN_EMPTY_BODY = YES;
				CLANG_WARN_ENUM_CONVERSION = YES;
				CLANG_WARN_INFINITE_RECURSION = YES;
				CLANG_WARN_INT_CONVERSION = YES;
				CLANG_WARN_NON_LITERAL_NULL_CONVERSION = YES;
				CLANG_WARN_OBJC_IMPLICIT_RETAIN_SELF = YES;
				CLANG_WARN_OBJC_LITERAL_CONVERSION = YES;
				CLANG_WARN_OBJC_ROOT_CLASS = YES_ERROR;
				CLANG_WARN_QUOTED_INCLUDE_IN_FRAMEWORK_HEADER = YES;
				CLANG_WARN_RANGE_LOOP_ANALYSIS = YES;
				CLANG_WARN_STRICT_PROTOTYPES = YES;
				CLANG_WARN_SUSPICIOUS_MOVE = YES;
				CLANG_WARN_UNGUARDED_AVAILABILITY = YES_AGGRESSIVE;
				CLANG_WARN_UNREACHABLE_CODE = YES;
				CLANG_WARN__DUPLICATE_METHOD_MATCH = YES;
				COPY_PHASE_STRIP = NO;
				DEBUG_INFORMATION_FORMAT = "dwarf-with-dsym";
				ENABLE_NS_ASSERTIONS = NO;
				ENABLE_STRICT_OBJC_MSGSEND = YES;
				GCC_C_LANGUAGE_STANDARD = gnu11;
				GCC_NO_COMMON_BLOCKS = YES;
				GCC_WARN_64_TO_32_BIT_CONVERSION = YES;
				GCC_WARN_ABOUT_RETURN_TYPE = YES_ERROR;
				GCC_WARN_UNDECLARED_SELECTOR = YES;
				GCC_WARN_UNINITIALIZED_AUTOS = YES_AGGRESSIVE;
				GCC_WARN_UNUSED_FUNCTION = YES;
				GCC_WARN_UNUSED_VARIABLE = YES;
				IPHONEOS_DEPLOYMENT_TARGET = 14.1;
				MTL_ENABLE_DEBUG_INFO = NO;
				MTL_FAST_MATH = YES;
				SDKROOT = iphoneos;
				SWIFT_COMPILATION_MODE = wholemodule;
				SWIFT_OPTIMIZATION_LEVEL = "-O";
				VALIDATE_PRODUCT = YES;
			};
			name = Release;
		};
		04FC4FB0254F450C00F69838 /* Debug */ = {
			isa = XCBuildConfiguration;
			buildSettings = {
				ASSETCATALOG_COMPILER_APPICON_NAME = AppIcon;
				ASSETCATALOG_COMPILER_GLOBAL_ACCENT_COLOR_NAME = AccentColor;
				CODE_SIGN_STYLE = Automatic;
				INFOPLIST_FILE = BMICalculator/Info.plist;
				LD_RUNPATH_SEARCH_PATHS = (
					"$(inherited)",
					"@executable_path/Frameworks",
				);
				PRODUCT_BUNDLE_IDENTIFIER = com.nk.BMICalculator;
				PRODUCT_NAME = "$(TARGET_NAME)";
				SWIFT_VERSION = 5.0;
				TARGETED_DEVICE_FAMILY = "1,2";
			};
			name = Debug;
		};
		04FC4FB1254F450C00F69838 /* Release */ = {
			isa = XCBuildConfiguration;
			buildSettings = {
				ASSETCATALOG_COMPILER_APPICON_NAME = AppIcon;
				ASSETCATALOG_COMPILER_GLOBAL_ACCENT_COLOR_NAME = AccentColor;
				CODE_SIGN_STYLE = Automatic;
				INFOPLIST_FILE = BMICalculator/Info.plist;
				LD_RUNPATH_SEARCH_PATHS = (
					"$(inherited)",
					"@executable_path/Frameworks",
				);
				PRODUCT_BUNDLE_IDENTIFIER = com.nk.BMICalculator;
				PRODUCT_NAME = "$(TARGET_NAME)";
				SWIFT_VERSION = 5.0;
				TARGETED_DEVICE_FAMILY = "1,2";
			};
			name = Release;
		};
/* End XCBuildConfiguration section */

/* Begin XCConfigurationList section */
		04FC4F96254F450A00F69838 /* Build configuration list for PBXProject "BMICalculator" */ = {
			isa = XCConfigurationList;
			buildConfigurations = (
				04FC4FAD254F450C00F69838 /* Debug */,
				04FC4FAE254F450C00F69838 /* Release */,
			);
			defaultConfigurationIsVisible = 0;
			defaultConfigurationName = Release;
		};
		04FC4FAF254F450C00F69838 /* Build configuration list for PBXNativeTarget "BMICalculator" */ = {
			isa = XCConfigurationList;
			buildConfigurations = (
				04FC4FB0254F450C00F69838 /* Debug */,
				04FC4FB1254F450C00F69838 /* Release */,
			);
			defaultConfigurationIsVisible = 0;
			defaultConfigurationName = Release;
		};
/* End XCConfigurationList section */
	};
	rootObject = 04FC4F93254F450A00F69838 /* Project object */;
}
